
Microsoft Visual Studio Solution File, Format Version 12.00
# Visual Studio Version 17
VisualStudioVersion = 17.0.31903.59
MinimumVisualStudioVersion = 10.0.40219.1
Project("{FAE04EC0-301F-11D3-BF4B-00C04F79EFBC}") = "FormulaOne.Api", "FormulaOne.Api\FormulaOne.Api.csproj", "{8D3A81D9-7344-4BC2-9EAF-0FA5ACEED9C4}"
EndProject
Project("{FAE04EC0-301F-11D3-BF4B-00C04F79EFBC}") = "FormulaOne.Entities", "FormulaOne.Entities\FormulaOne.Entities.csproj", "{D1C8B85C-039A-4B11-9179-EDABD8275466}"
EndProject
Project("{FAE04EC0-301F-11D3-BF4B-00C04F79EFBC}") = "FormulaOne.DataService", "FormulaOne.DataService\FormulaOne.DataService.csproj", "{04D4BF52-EB07-41DA-BAC3-671441DA47C1}"
EndProject
Global
	GlobalSection(SolutionConfigurationPlatforms) = preSolution
		Debug|Any CPU = Debug|Any CPU
		Release|Any CPU = Release|Any CPU
	EndGlobalSection
	GlobalSection(SolutionProperties) = preSolution
		HideSolutionNode = FALSE
	EndGlobalSection
	GlobalSection(ProjectConfigurationPlatforms) = postSolution
		{8D3A81D9-7344-4BC2-9EAF-0FA5ACEED9C4}.Debug|Any CPU.ActiveCfg = Debug|Any CPU
		{8D3A81D9-7344-4BC2-9EAF-0FA5ACEED9C4}.Debug|Any CPU.Build.0 = Debug|Any CPU
		{8D3A81D9-7344-4BC2-9EAF-0FA5ACEED9C4}.Release|Any CPU.ActiveCfg = Release|Any CPU
		{8D3A81D9-7344-4BC2-9EAF-0FA5ACEED9C4}.Release|Any CPU.Build.0 = Release|Any CPU
		{D1C8B85C-039A-4B11-9179-EDABD8275466}.Debug|Any CPU.ActiveCfg = Debug|Any CPU
		{D1C8B85C-039A-4B11-9179-EDABD8275466}.Debug|Any CPU.Build.0 = Debug|Any CPU
		{D1C8B85C-039A-4B11-9179-EDABD8275466}.Release|Any CPU.ActiveCfg = Release|Any CPU
		{D1C8B85C-039A-4B11-9179-EDABD8275466}.Release|Any CPU.Build.0 = Release|Any CPU
		{04D4BF52-EB07-41DA-BAC3-671441DA47C1}.Debug|Any CPU.ActiveCfg = Debug|Any CPU
		{04D4BF52-EB07-41DA-BAC3-671441DA47C1}.Debug|Any CPU.Build.0 = Debug|Any CPU
		{04D4BF52-EB07-41DA-BAC3-671441DA47C1}.Release|Any CPU.ActiveCfg = Release|Any CPU
		{04D4BF52-EB07-41DA-BAC3-671441DA47C1}.Release|Any CPU.Build.0 = Release|Any CPU
	EndGlobalSection
EndGlobal
